<?xml version="1.0" encoding="utf-8"?>
<Project ToolsVersion="4.0" xmlns:atg="http://atg.xbox.com" xmlns="http://schemas.microsoft.com/developer/msbuild/2003">
  <ItemGroup>
    <Filter Include="Resource Files">
      <UniqueIdentifier>{8e114980-c1a3-4ada-ad7c-83caadf5daeb}</UniqueIdentifier>
      <Extensions>rc;ico;cur;bmp;dlg;rc2;rct;bin;rgs;gif;jpg;jpeg;jpe</Extensions>
    </Filter>
    <Filter Include="DXUT">
      <UniqueIdentifier>{a43c5c25-0e86-4a20-b64a-883785ff74fd}</UniqueIdentifier>
    </Filter>
    <Filter Include="Shaders">
      <UniqueIdentifier>{2c3d4c8c-5d1a-459a-a05a-a4e4b608a44e}</UniqueIdentifier>
      <Extensions>fx;fxh;hlsl</Extensions>
    </Filter>
    <Filter Include="Engine">
      <UniqueIdentifier>{0f7afe9c-ac3e-456a-870f-4e9c1a9b32ee}</UniqueIdentifier>
    </Filter>
    <Filter Include="Game">
      <UniqueIdentifier>{afedacfc-d8e2-49f5-93a9-0019f617efb2}</UniqueIdentifier>
    </Filter>
    <Filter Include="Engine\0Scene">
      <UniqueIdentifier>{ffb35dd9-a47c-4458-a768-fa15ba421521}</UniqueIdentifier>
    </Filter>
    <Filter Include="Engine\1Components">
      <UniqueIdentifier>{b1721849-60bd-4b6c-bd13-141fe08223db}</UniqueIdentifier>
    </Filter>
    <Filter Include="Engine\2GameObject">
      <UniqueIdentifier>{f88ad490-f321-4893-ae1a-90d653d5db76}</UniqueIdentifier>
    </Filter>
    <Filter Include="Engine\3Singleton">
      <UniqueIdentifier>{cbf0d623-9f36-4898-9b95-d7d107fc1d14}</UniqueIdentifier>
    </Filter>
    <Filter Include="Util">
      <UniqueIdentifier>{3e8e22f7-815d-4221-91f5-7f79831c4d95}</UniqueIdentifier>
    </Filter>
    <Filter Include="Engine\4Manager">
      <UniqueIdentifier>{c8e56e7b-9786-487b-b38b-ef79877d0b38}</UniqueIdentifier>
    </Filter>
    <Filter Include="Engine\4Manager\0SceneManager">
      <UniqueIdentifier>{4b231fe3-2475-49ef-ae98-ce3a09a12d5a}</UniqueIdentifier>
    </Filter>
    <Filter Include="Game\0Scenes">
      <UniqueIdentifier>{86bb7a97-245a-4a80-89b9-9b843ffbbff0}</UniqueIdentifier>
    </Filter>
    <Filter Include="Game\0Scenes\0TestScene">
      <UniqueIdentifier>{e5b0512e-f2b1-4fdd-9dcb-9ded3cb530fa}</UniqueIdentifier>
    </Filter>
    <Filter Include="Engine\1Components\0Component">
      <UniqueIdentifier>{ddb808b7-053d-4c53-816e-598b89cd2ea0}</UniqueIdentifier>
    </Filter>
    <Filter Include="Engine\1Components\1Transform">
      <UniqueIdentifier>{7e10af56-e7bd-4d2b-88e9-3a36c2b22c02}</UniqueIdentifier>
    </Filter>
    <Filter Include="Engine\1Components\2MeshRenderer">
      <UniqueIdentifier>{fc2f0b8d-83db-4c0b-b840-37d3bc792aad}</UniqueIdentifier>
    </Filter>
    <Filter Include="Engine\1Components\2MeshRenderer\0Mesh">
      <UniqueIdentifier>{519005cc-a5f3-4bee-93c7-e8d27688411f}</UniqueIdentifier>
    </Filter>
    <Filter Include="Engine\5Material">
      <UniqueIdentifier>{f7615663-be86-4905-9c02-f0904bb8b37c}</UniqueIdentifier>
    </Filter>
    <Filter Include="Engine\5Material\0Material">
      <UniqueIdentifier>{25f4cf63-0f3c-4e0e-937f-ef54cb4db9e6}</UniqueIdentifier>
    </Filter>
    <Filter Include="Engine\5Material\1ColorMat">
      <UniqueIdentifier>{9d5f6bbd-c708-4ded-8070-5d4828f2d973}</UniqueIdentifier>
    </Filter>
    <Filter Include="Engine\4Manager\1MaterialManager">
      <UniqueIdentifier>{a7025159-2bc8-497a-8445-7e0a4f7fcd15}</UniqueIdentifier>
    </Filter>
    <Filter Include="Engine\1Components\3Camera">
      <UniqueIdentifier>{73488c6c-aa07-44b4-b84a-0496ad83fb1d}</UniqueIdentifier>
    </Filter>
    <Filter Include="Engine\4Manager\2CameraManager">
      <UniqueIdentifier>{6c43c68e-7214-4bb4-82cd-5e12570b1cc2}</UniqueIdentifier>
    </Filter>
    <Filter Include="Engine\6Texture">
      <UniqueIdentifier>{45629fec-d6a5-4f76-bdc0-1bae660f579f}</UniqueIdentifier>
    </Filter>
    <Filter Include="Engine\4Manager\3TextureManager">
      <UniqueIdentifier>{eafd8a20-4b07-4b53-96fd-aad2fc7f538a}</UniqueIdentifier>
    </Filter>
    <Filter Include="Engine\5Material\2TextureMapping">
      <UniqueIdentifier>{defa342e-4b45-4add-abad-24c30cb5cdb6}</UniqueIdentifier>
    </Filter>
    <Filter Include="Engine\5Material\3SpecularMapping">
      <UniqueIdentifier>{118a425f-d991-444f-9e19-988a26c41801}</UniqueIdentifier>
    </Filter>
    <Filter Include="Engine\1Components\4Image">
      <UniqueIdentifier>{9ae9f275-7ac8-4211-9c01-cfd6b7619082}</UniqueIdentifier>
    </Filter>
    <Filter Include="Engine\1Components\5Light">
      <UniqueIdentifier>{023386ed-4580-4ae0-a7f7-f51de8ea47e7}</UniqueIdentifier>
    </Filter>
    <Filter Include="Engine\1Components\5Light\0Light">
      <UniqueIdentifier>{609a0492-de42-4dfb-9b14-7bd0c8fbb430}</UniqueIdentifier>
    </Filter>
    <Filter Include="Engine\1Components\5Light\1PointLight">
      <UniqueIdentifier>{93508e92-414e-4383-b101-359d1aebe0b4}</UniqueIdentifier>
    </Filter>
    <Filter Include="Engine\4Manager\4LightManager">
      <UniqueIdentifier>{b1b358ac-7426-4d09-b71b-5dd9f7861d56}</UniqueIdentifier>
    </Filter>
    <Filter Include="Engine\4Manager\5InputManager">
      <UniqueIdentifier>{e0d6c0a5-c40f-45c5-8b13-d193e2fd72b3}</UniqueIdentifier>
    </Filter>
    <Filter Include="Engine\7Cursor">
      <UniqueIdentifier>{77e0c23d-1da2-4efd-b53b-82291d820b66}</UniqueIdentifier>
    </Filter>
    <Filter Include="Engine\1Components\6Button">
      <UniqueIdentifier>{b59f831c-d745-46df-a756-7a9854c64cd5}</UniqueIdentifier>
    </Filter>
    <Filter Include="Game\1ObjectPool">
      <UniqueIdentifier>{f5147259-d477-4d14-927c-39f5b359f729}</UniqueIdentifier>
    </Filter>
    <Filter Include="Engine\4Manager\6ObjectManager">
      <UniqueIdentifier>{311cbfd0-4e37-4960-b72f-e5cff06ed5e5}</UniqueIdentifier>
    </Filter>
    <Filter Include="Engine\1Components\7BaseUIComp">
      <UniqueIdentifier>{fd189e98-147e-4be3-8931-1cc31b3c106a}</UniqueIdentifier>
    </Filter>
    <Filter Include="Game\2ObjectButtonUI">
      <UniqueIdentifier>{73b05a39-8828-4ca8-8bcc-40f814b49b31}</UniqueIdentifier>
    </Filter>
    <Filter Include="Engine\1Components\8Text">
      <UniqueIdentifier>{fe77f9d6-c949-4c6c-ad41-09923875291b}</UniqueIdentifier>
    </Filter>
    <Filter Include="Game\2IngameObject">
      <UniqueIdentifier>{1a1b5ac6-d1c2-45b9-8a22-fd56fefd3871}</UniqueIdentifier>
    </Filter>
  </ItemGroup>
  <ItemGroup>
    <None Include="DXUT\Optional\directx.ico">
      <Filter>Resource Files</Filter>
    </None>
    <ClInclude Include="DXUT\Core\DXUT.h">
      <Filter>DXUT</Filter>
    </ClInclude>
    <ClInclude Include="DXUT\Core\DXUTenum.h">
      <Filter>DXUT</Filter>
    </ClInclude>
    <ClInclude Include="DXUT\Core\DXUTmisc.h">
      <Filter>DXUT</Filter>
    </ClInclude>
    <ClCompile Include="DXUT\Core\DXUT.cpp">
      <Filter>DXUT</Filter>
    </ClCompile>
    <ClCompile Include="DXUT\Core\DXUTenum.cpp">
      <Filter>DXUT</Filter>
    </ClCompile>
    <ClCompile Include="DXUT\Core\DXUTmisc.cpp">
      <Filter>DXUT</Filter>
    </ClCompile>
    <ClInclude Include="DXUT\Optional\DXUTcamera.h">
      <Filter>DXUT</Filter>
    </ClInclude>
    <ClInclude Include="DXUT\Optional\DXUTgui.h">
      <Filter>DXUT</Filter>
    </ClInclude>
    <ClInclude Include="DXUT\Optional\DXUTres.h">
      <Filter>DXUT</Filter>
    </ClInclude>
    <ClInclude Include="DXUT\Optional\DXUTsettingsdlg.h">
      <Filter>DXUT</Filter>
    </ClInclude>
    <ClInclude Include="DXUT\Optional\SDKmesh.h">
      <Filter>DXUT</Filter>
    </ClInclude>
    <ClInclude Include="DXUT\Optional\SDKmisc.h">
      <Filter>DXUT</Filter>
    </ClInclude>
    <ClCompile Include="DXUT\Optional\DXUTcamera.cpp">
      <Filter>DXUT</Filter>
    </ClCompile>
    <ClCompile Include="DXUT\Optional\DXUTgui.cpp">
      <Filter>DXUT</Filter>
    </ClCompile>
    <ClCompile Include="DXUT\Optional\DXUTres.cpp">
      <Filter>DXUT</Filter>
    </ClCompile>
    <ClCompile Include="DXUT\Optional\DXUTsettingsdlg.cpp">
      <Filter>DXUT</Filter>
    </ClCompile>
    <ClCompile Include="DXUT\Optional\SDKmesh.cpp">
      <Filter>DXUT</Filter>
    </ClCompile>
    <ClCompile Include="DXUT\Optional\SDKmisc.cpp">
      <Filter>DXUT</Filter>
    </ClCompile>
  </ItemGroup>
  <ItemGroup>
    <ClCompile Include="ABEngine.cpp" />
    <ClCompile Include="Engine\Scene.cpp">
      <Filter>Engine\0Scene</Filter>
    </ClCompile>
    <ClCompile Include="Engine\GameObject.cpp">
      <Filter>Engine\2GameObject</Filter>
    </ClCompile>
    <ClCompile Include="Engine\SceneManager.cpp">
      <Filter>Engine\4Manager\0SceneManager</Filter>
    </ClCompile>
    <ClCompile Include="Engine\Singleton.cpp">
      <Filter>Engine\3Singleton</Filter>
    </ClCompile>
    <ClCompile Include="Game\TestScene.cpp">
      <Filter>Game\0Scenes\0TestScene</Filter>
    </ClCompile>
    <ClCompile Include="Engine\Component.cpp">
      <Filter>Engine\1Components\0Component</Filter>
    </ClCompile>
    <ClCompile Include="Engine\Transform.cpp">
      <Filter>Engine\1Components\1Transform</Filter>
    </ClCompile>
    <ClCompile Include="Engine\MeshRenderer.cpp">
      <Filter>Engine\1Components\2MeshRenderer</Filter>
    </ClCompile>
    <ClCompile Include="Engine\Mesh.cpp">
      <Filter>Engine\1Components\2MeshRenderer\0Mesh</Filter>
    </ClCompile>
    <ClCompile Include="Engine\Materials\Material.cpp">
      <Filter>Engine\5Material\0Material</Filter>
    </ClCompile>
    <ClCompile Include="Engine\Materials\ColorMat.cpp">
      <Filter>Engine\5Material\1ColorMat</Filter>
    </ClCompile>
    <ClCompile Include="Engine\Materials\MaterialManager.cpp">
      <Filter>Engine\4Manager\1MaterialManager</Filter>
    </ClCompile>
    <ClCompile Include="Engine\Camera.cpp">
      <Filter>Engine\1Components\3Camera</Filter>
    </ClCompile>
    <ClCompile Include="Engine\CameraManager.cpp">
      <Filter>Engine\4Manager\2CameraManager</Filter>
    </ClCompile>
    <ClCompile Include="Engine\Texture.cpp">
      <Filter>Engine\6Texture</Filter>
    </ClCompile>
    <ClCompile Include="Engine\TextureManager.cpp">
      <Filter>Engine\4Manager\3TextureManager</Filter>
    </ClCompile>
    <ClCompile Include="Engine\Materials\TextureMapping.cpp">
      <Filter>Engine\5Material\2TextureMapping</Filter>
    </ClCompile>
    <ClCompile Include="Engine\Materials\SpecularMapping.cpp">
      <Filter>Engine\5Material\3SpecularMapping</Filter>
    </ClCompile>
    <ClCompile Include="Engine\Image.cpp">
      <Filter>Engine\1Components\4Image</Filter>
    </ClCompile>
    <ClCompile Include="Engine\Light.cpp">
      <Filter>Engine\1Components\5Light\0Light</Filter>
    </ClCompile>
    <ClCompile Include="Engine\PointLight.cpp">
      <Filter>Engine\1Components\5Light\1PointLight</Filter>
    </ClCompile>
    <ClCompile Include="Engine\LightManager.cpp">
      <Filter>Engine\4Manager\4LightManager</Filter>
    </ClCompile>
    <ClCompile Include="Engine\InputManager.cpp">
      <Filter>Engine\4Manager\5InputManager</Filter>
    </ClCompile>
    <ClCompile Include="Engine\Cursor.cpp">
      <Filter>Engine\7Cursor</Filter>
    </ClCompile>
    <ClCompile Include="Engine\Button.cpp">
      <Filter>Engine\1Components\6Button</Filter>
    </ClCompile>
    <ClCompile Include="Game\ObjectPool.cpp">
      <Filter>Game\1ObjectPool</Filter>
    </ClCompile>
    <ClCompile Include="Engine\ObjectManager.cpp">
      <Filter>Engine\4Manager\6ObjectManager</Filter>
    </ClCompile>
    <ClCompile Include="Engine\UI.cpp">
      <Filter>Engine\1Components\7BaseUIComp</Filter>
    </ClCompile>
    <ClCompile Include="Game\ObjectBtnUI.cpp">
      <Filter>Game\2ObjectButtonUI</Filter>
    </ClCompile>
    <ClCompile Include="Engine\Text.cpp">
      <Filter>Engine\1Components\8Text</Filter>
    </ClCompile>
    <ClCompile Include="Game\IngameObject.cpp">
      <Filter>Game\2IngameObject</Filter>
    </ClCompile>
  </ItemGroup>
  <ItemGroup>
    <CLInclude Include="resource.h">
      <Filter>Resource Files</Filter>
    </CLInclude>
    <ResourceCompile Include="ABEngine.rc">
      <Filter>Resource Files</Filter>
    </ResourceCompile>
    <ClInclude Include="Engine\Scene.h">
      <Filter>Engine\0Scene</Filter>
    </ClInclude>
    <ClInclude Include="Engine\GameObject.h">
      <Filter>Engine\2GameObject</Filter>
    </ClInclude>
    <ClInclude Include="Engine\SceneManager.h">
      <Filter>Engine\4Manager\0SceneManager</Filter>
    </ClInclude>
    <ClInclude Include="Engine\Singleton.h">
      <Filter>Engine\3Singleton</Filter>
    </ClInclude>
    <ClInclude Include="Game\TestScene.h">
      <Filter>Game\0Scenes\0TestScene</Filter>
    </ClInclude>
    <ClInclude Include="Engine\Component.h">
      <Filter>Engine\1Components\0Component</Filter>
    </ClInclude>
    <ClInclude Include="Engine\Transform.h">
      <Filter>Engine\1Components\1Transform</Filter>
    </ClInclude>
    <ClInclude Include="Engine\MeshRenderer.h">
      <Filter>Engine\1Components\2MeshRenderer</Filter>
    </ClInclude>
    <ClInclude Include="Engine\Mesh.h">
      <Filter>Engine\1Components\2MeshRenderer\0Mesh</Filter>
    </ClInclude>
    <ClInclude Include="Engine\Materials\Material.h">
      <Filter>Engine\5Material\0Material</Filter>
    </ClInclude>
    <ClInclude Include="Engine\Materials\ColorMat.h">
      <Filter>Engine\5Material\1ColorMat</Filter>
    </ClInclude>
    <ClInclude Include="Engine\Materials\MaterialManager.h">
      <Filter>Engine\4Manager\1MaterialManager</Filter>
    </ClInclude>
    <ClInclude Include="Engine\Camera.h">
      <Filter>Engine\1Components\3Camera</Filter>
    </ClInclude>
    <ClInclude Include="Engine\CameraManager.h">
      <Filter>Engine\4Manager\2CameraManager</Filter>
    </ClInclude>
    <ClInclude Include="Engine\Texture.h">
      <Filter>Engine\6Texture</Filter>
    </ClInclude>
    <ClInclude Include="Engine\TextureManager.h">
      <Filter>Engine\4Manager\3TextureManager</Filter>
    </ClInclude>
    <ClInclude Include="Engine\Materials\TextureMapping.h">
      <Filter>Engine\5Material\2TextureMapping</Filter>
    </ClInclude>
    <ClInclude Include="Engine\Materials\SpecularMapping.h">
      <Filter>Engine\5Material\3SpecularMapping</Filter>
    </ClInclude>
    <ClInclude Include="Engine\Image.h">
      <Filter>Engine\1Components\4Image</Filter>
    </ClInclude>
    <ClInclude Include="Engine\Light.h">
      <Filter>Engine\1Components\5Light\0Light</Filter>
    </ClInclude>
    <ClInclude Include="Engine\PointLight.h">
      <Filter>Engine\1Components\5Light\1PointLight</Filter>
    </ClInclude>
    <ClInclude Include="Engine\LightManager.h">
      <Filter>Engine\4Manager\4LightManager</Filter>
    </ClInclude>
    <ClInclude Include="Engine\InputManager.h">
      <Filter>Engine\4Manager\5InputManager</Filter>
    </ClInclude>
    <ClInclude Include="Engine\Cursor.h">
      <Filter>Engine\7Cursor</Filter>
    </ClInclude>
    <ClInclude Include="Engine\Button.h">
      <Filter>Engine\1Components\6Button</Filter>
    </ClInclude>
    <ClInclude Include="Game\ObjectPool.h">
      <Filter>Game\1ObjectPool</Filter>
    </ClInclude>
    <ClInclude Include="Engine\ObjectManager.h">
      <Filter>Engine\4Manager\6ObjectManager</Filter>
    </ClInclude>
    <ClInclude Include="Engine\UI.h">
      <Filter>Engine\1Components\7BaseUIComp</Filter>
    </ClInclude>
    <ClInclude Include="Game\ObjectBtnUI.h">
      <Filter>Game\2ObjectButtonUI</Filter>
    </ClInclude>
    <ClInclude Include="Engine\Text.h">
      <Filter>Engine\1Components\8Text</Filter>
    </ClInclude>
    <ClInclude Include="Game\IngameObject.h">
      <Filter>Game\2IngameObject</Filter>
    </ClInclude>
  </ItemGroup>
  <ItemGroup>
  </ItemGroup>
</Project>